Microsoft Visual Studio Solution File, Format Version 11.00
# Visual Studio 2008

Project("{56B40DE3-4649-D77D-319D-A1AC36A29DAD}") = "BestGameEver", "Assembly-CSharp.csproj", "{C4735427-B6EC-63B3-A85D-F63D4665BC5B}"
EndProject
Project("{56B40DE3-4649-D77D-319D-A1AC36A29DAD}") = "BestGameEver", "Assembly-CSharp-Editor.csproj", "{C5764181-E5F6-DD02-42EB-7F361C5F0998}"
EndProject
Global
	GlobalSection(SolutionConfigurationPlatforms) = preSolution
		Debug|Any CPU = Debug|Any CPU
		Release|Any CPU = Release|Any CPU
	EndGlobalSection
	GlobalSection(ProjectConfigurationPlatforms) = postSolution
		{C4735427-B6EC-63B3-A85D-F63D4665BC5B}.Debug|Any CPU.ActiveCfg = Debug|Any CPU
		{C4735427-B6EC-63B3-A85D-F63D4665BC5B}.Debug|Any CPU.Build.0 = Debug|Any CPU
		{C4735427-B6EC-63B3-A85D-F63D4665BC5B}.Release|Any CPU.ActiveCfg = Release|Any CPU
		{C4735427-B6EC-63B3-A85D-F63D4665BC5B}.Release|Any CPU.Build.0 = Release|Any CPU
		{C5764181-E5F6-DD02-42EB-7F361C5F0998}.Debug|Any CPU.ActiveCfg = Debug|Any CPU
		{C5764181-E5F6-DD02-42EB-7F361C5F0998}.Debug|Any CPU.Build.0 = Debug|Any CPU
		{C5764181-E5F6-DD02-42EB-7F361C5F0998}.Release|Any CPU.ActiveCfg = Release|Any CPU
		{C5764181-E5F6-DD02-42EB-7F361C5F0998}.Release|Any CPU.Build.0 = Release|Any CPU
	EndGlobalSection
	GlobalSection(SolutionProperties) = preSolution
		HideSolutionNode = FALSE
	EndGlobalSection
	GlobalSection(MonoDevelopProperties) = preSolution
		StartupItem = Assembly-CSharp.csproj
	EndGlobalSection
EndGlobal
