
Microsoft Visual Studio Solution File, Format Version 12.00
# Visual Studio 2015
Project("{FAE04EC0-301F-11D3-BF4B-00C04F79EFBC}") = "BestGameEver.CSharp", "BestGameEver.CSharp.csproj", "{1403B341-451D-1486-EF6D-D4901797B15F}"
EndProject
Project("{FAE04EC0-301F-11D3-BF4B-00C04F79EFBC}") = "BestGameEver.CSharp.Editor", "BestGameEver.CSharp.Editor.csproj", "{FF9E8FEA-01D0-687E-ACF2-46E7B79E841B}"
EndProject
Global
	GlobalSection(SolutionConfigurationPlatforms) = preSolution
		Debug|Any CPU = Debug|Any CPU
		Release|Any CPU = Release|Any CPU
	EndGlobalSection
	GlobalSection(ProjectConfigurationPlatforms) = postSolution
		{1403B341-451D-1486-EF6D-D4901797B15F}.Debug|Any CPU.ActiveCfg = Debug|Any CPU
		{1403B341-451D-1486-EF6D-D4901797B15F}.Debug|Any CPU.Build.0 = Debug|Any CPU
		{1403B341-451D-1486-EF6D-D4901797B15F}.Release|Any CPU.ActiveCfg = Release|Any CPU
		{1403B341-451D-1486-EF6D-D4901797B15F}.Release|Any CPU.Build.0 = Release|Any CPU
		{FF9E8FEA-01D0-687E-ACF2-46E7B79E841B}.Debug|Any CPU.ActiveCfg = Debug|Any CPU
		{FF9E8FEA-01D0-687E-ACF2-46E7B79E841B}.Debug|Any CPU.Build.0 = Debug|Any CPU
		{FF9E8FEA-01D0-687E-ACF2-46E7B79E841B}.Release|Any CPU.ActiveCfg = Release|Any CPU
		{FF9E8FEA-01D0-687E-ACF2-46E7B79E841B}.Release|Any CPU.Build.0 = Release|Any CPU
	EndGlobalSection
	GlobalSection(SolutionProperties) = preSolution
		HideSolutionNode = FALSE
	EndGlobalSection
EndGlobal
