Microsoft Visual Studio Solution File, Format Version 11.00
# Visual Studio 2008

Project("{5E1BF383-562B-BA61-A7F8-FF67E664924D}") = "New ClickRPG", "Assembly-CSharp.csproj", "{2A6FA88C-D0A8-57E8-3995-AC31284BEED7}"
EndProject
Global
	GlobalSection(SolutionConfigurationPlatforms) = preSolution
		Debug|Any CPU = Debug|Any CPU
		Release|Any CPU = Release|Any CPU
	EndGlobalSection
	GlobalSection(ProjectConfigurationPlatforms) = postSolution
		{2A6FA88C-D0A8-57E8-3995-AC31284BEED7}.Debug|Any CPU.ActiveCfg = Debug|Any CPU
		{2A6FA88C-D0A8-57E8-3995-AC31284BEED7}.Debug|Any CPU.Build.0 = Debug|Any CPU
		{2A6FA88C-D0A8-57E8-3995-AC31284BEED7}.Release|Any CPU.ActiveCfg = Release|Any CPU
		{2A6FA88C-D0A8-57E8-3995-AC31284BEED7}.Release|Any CPU.Build.0 = Release|Any CPU
	EndGlobalSection
	GlobalSection(SolutionProperties) = preSolution
		HideSolutionNode = FALSE
	EndGlobalSection
	GlobalSection(MonoDevelopProperties) = preSolution
		StartupItem = Assembly-CSharp.csproj
	EndGlobalSection
EndGlobal
