
Microsoft Visual Studio Solution File, Format Version 12.00
# Visual Studio 2015
Project("{FAE04EC0-301F-11D3-BF4B-00C04F79EFBC}") = "New ClickRPG.CSharp", "New ClickRPG.CSharp.csproj", "{07134F0D-74B5-825A-8750-E357873D5C94}"
EndProject
Project("{FAE04EC0-301F-11D3-BF4B-00C04F79EFBC}") = "New ClickRPG.CSharp.Editor", "New ClickRPG.CSharp.Editor.csproj", "{0A4BD349-9DF8-7762-3340-1193E6AD7956}"
EndProject
Global
	GlobalSection(SolutionConfigurationPlatforms) = preSolution
		Debug|Any CPU = Debug|Any CPU
		Release|Any CPU = Release|Any CPU
	EndGlobalSection
	GlobalSection(ProjectConfigurationPlatforms) = postSolution
		{07134F0D-74B5-825A-8750-E357873D5C94}.Debug|Any CPU.ActiveCfg = Debug|Any CPU
		{07134F0D-74B5-825A-8750-E357873D5C94}.Debug|Any CPU.Build.0 = Debug|Any CPU
		{07134F0D-74B5-825A-8750-E357873D5C94}.Release|Any CPU.ActiveCfg = Release|Any CPU
		{07134F0D-74B5-825A-8750-E357873D5C94}.Release|Any CPU.Build.0 = Release|Any CPU
		{0A4BD349-9DF8-7762-3340-1193E6AD7956}.Debug|Any CPU.ActiveCfg = Debug|Any CPU
		{0A4BD349-9DF8-7762-3340-1193E6AD7956}.Debug|Any CPU.Build.0 = Debug|Any CPU
		{0A4BD349-9DF8-7762-3340-1193E6AD7956}.Release|Any CPU.ActiveCfg = Release|Any CPU
		{0A4BD349-9DF8-7762-3340-1193E6AD7956}.Release|Any CPU.Build.0 = Release|Any CPU
	EndGlobalSection
	GlobalSection(SolutionProperties) = preSolution
		HideSolutionNode = FALSE
	EndGlobalSection
EndGlobal
